# THIS IS AN AUTOGENERATED FILE. DO NOT EDIT THIS FILE DIRECTLY.
# yarn lockfile v1


"@babel/runtime@^7.12.5":
  version "7.23.2"
  resolved "https://registry.yarnpkg.com/@babel/runtime/-/runtime-7.23.2.tgz#062b0ac103261d68a966c4c7baf2ae3e62ec3885"
  integrity sha512-mM8eg4yl5D6i3lu2QKPuPH4FArvJ8KhTofbE7jwMUv9KX5mBvwPAqnV3MlyBNqdp9RyRKP6Yck8TrfYrPvX3bg==
  dependencies:
    regenerator-runtime "^0.14.0"

"@remix-run/router@1.11.0":
  version "1.11.0"
  resolved "https://registry.yarnpkg.com/@remix-run/router/-/router-1.11.0.tgz#e0e45ac3fff9d8a126916f166809825537e9f955"
  integrity sha512-BHdhcWgeiudl91HvVa2wxqZjSHbheSgIiDvxrF1VjFzBzpTtuDPkOdOi3Iqvc08kXtFkLjhbS+ML9aM8mJS+wQ==

immediate@~3.0.5:
  version "3.0.6"
  resolved "https://registry.yarnpkg.com/immediate/-/immediate-3.0.6.tgz#9db1dbd0faf8de6fbe0f5dd5e56bb606280de69b"
  integrity sha512-XXOFtyqDjNDAQxVfYxuF7g9Il/IbWmmlQg2MYKOH8ExIT1qg6xc4zyS3HaEEATgs1btfzxq15ciUiY7gjSXRGQ==

lie@3.1.1:
  version "3.1.1"
  resolved "https://registry.yarnpkg.com/lie/-/lie-3.1.1.tgz#9a436b2cc7746ca59de7a41fa469b3efb76bd87e"
  integrity sha512-RiNhHysUjhrDQntfYSfY4MU24coXXdEOgw9WGcKHNeEwffDYbF//u87M1EWaMGzuFoSbqW0C9C6lEEhDOAswfw==
  dependencies:
    immediate "~3.0.5"

localforage@^1.10.0:
  version "1.10.0"
  resolved "https://registry.yarnpkg.com/localforage/-/localforage-1.10.0.tgz#5c465dc5f62b2807c3a84c0c6a1b1b3212781dd4"
  integrity sha512-14/H1aX7hzBBmmh7sGPd+AOMkkIrHM3Z1PAyGgZigA1H1p5O5ANnMyWzvpAETtG68/dC4pC0ncy3+PPGzXZHPg==
  dependencies:
    lie "3.1.1"

match-sorter@^6.3.1:
  version "6.3.1"
  resolved "https://registry.yarnpkg.com/match-sorter/-/match-sorter-6.3.1.tgz#98cc37fda756093424ddf3cbc62bfe9c75b92bda"
  integrity sha512-mxybbo3pPNuA+ZuCUhm5bwNkXrJTbsk5VWbR5wiwz/GC6LIiegBGn2w3O08UG/jdbYLinw51fSQ5xNU1U3MgBw==
  dependencies:
    "@babel/runtime" "^7.12.5"
    remove-accents "0.4.2"

object-path@0.6.0:
  version "0.6.0"
  resolved "https://registry.yarnpkg.com/object-path/-/object-path-0.6.0.tgz#b69a7d110937934f336ca561fd9be1ad7b7e0cb7"
  integrity sha512-fxrwsCFi3/p+LeLOAwo/wyRMODZxdGBtUlWRzsEpsUVrisZbEfZ21arxLGfaWfcnqb8oHPNihIb4XPE8CQPN5A==

react-router-dom@^6.18.0:
  version "6.18.0"
  resolved "https://registry.yarnpkg.com/react-router-dom/-/react-router-dom-6.18.0.tgz#0a50c167209d6e7bd2ed9de200a6579ea4fb1dca"
  integrity sha512-Ubrue4+Ercc/BoDkFQfc6og5zRQ4A8YxSO3Knsne+eRbZ+IepAsK249XBH/XaFuOYOYr3L3r13CXTLvYt5JDjw==
  dependencies:
    "@remix-run/router" "1.11.0"
    react-router "6.18.0"

react-router@6.18.0:
  version "6.18.0"
  resolved "https://registry.yarnpkg.com/react-router/-/react-router-6.18.0.tgz#32e2bedc318e095a48763b5ed7758e54034cd36a"
  integrity sha512-vk2y7Dsy8wI02eRRaRmOs9g2o+aE72YCx5q9VasT1N9v+lrdB79tIqrjMfByHiY5+6aYkH2rUa5X839nwWGPDg==
  dependencies:
    "@remix-run/router" "1.11.0"

regenerator-runtime@^0.14.0:
  version "0.14.0"
  resolved "https://registry.yarnpkg.com/regenerator-runtime/-/regenerator-runtime-0.14.0.tgz#5e19d68eb12d486f797e15a3c6a918f7cec5eb45"
  integrity sha512-srw17NI0TUWHuGa5CFGGmhfNIeja30WMBfbslPNhf6JrqQlLN5gcrvig1oqPxiVaXb0oW0XRKtH6Nngs5lKCIA==

remove-accents@0.4.2:
  version "0.4.2"
  resolved "https://registry.yarnpkg.com/remove-accents/-/remove-accents-0.4.2.tgz#0a43d3aaae1e80db919e07ae254b285d9e1c7bb5"
  integrity sha512-7pXIJqJOq5tFgG1A2Zxti3Ht8jJF337m4sowbuHsW30ZnkQFnDzy9qBNhgzX8ZLW4+UBcXiiR7SwR6pokHsxiA==

sort-by@^1.2.0:
  version "1.2.0"
  resolved "https://registry.yarnpkg.com/sort-by/-/sort-by-1.2.0.tgz#ed92bbff9fd2284b41f6503e38496607b225fe6f"
  integrity sha512-aRyW65r3xMnf4nxJRluCg0H/woJpksU1dQxRtXYzau30sNBOmf5HACpDd9MZDhKh7ALQ5FgSOfMPwZEtUmMqcg==
  dependencies:
    object-path "0.6.0"
